
Microsoft Visual Studio Solution File, Format Version 12.00
# Visual Studio Version 16
VisualStudioVersion = 16.0.29613.14
MinimumVisualStudioVersion = 10.0.40219.1
Project("{FAE04EC0-301F-11D3-BF4B-00C04F79EFBC}") = "a", "a\a.csproj", "{F6AADCC1-73FE-4CBA-9E5B-DDE952BC07DD}"
EndProject
Global
	GlobalSection(SolutionConfigurationPlatforms) = preSolution
		Debug|Any CPU = Debug|Any CPU
		Release|Any CPU = Release|Any CPU
	EndGlobalSection
	GlobalSection(ProjectConfigurationPlatforms) = postSolution
		{F6AADCC1-73FE-4CBA-9E5B-DDE952BC07DD}.Debug|Any CPU.ActiveCfg = Debug|Any CPU
		{F6AADCC1-73FE-4CBA-9E5B-DDE952BC07DD}.Debug|Any CPU.Build.0 = Debug|Any CPU
		{F6AADCC1-73FE-4CBA-9E5B-DDE952BC07DD}.Release|Any CPU.ActiveCfg = Release|Any CPU
		{F6AADCC1-73FE-4CBA-9E5B-DDE952BC07DD}.Release|Any CPU.Build.0 = Release|Any CPU
	EndGlobalSection
	GlobalSection(SolutionProperties) = preSolution
		HideSolutionNode = FALSE
	EndGlobalSection
	GlobalSection(ExtensibilityGlobals) = postSolution
		SolutionGuid = {61135BC9-B58D-44D5-A698-64F9E7D6AD7E}
	EndGlobalSection
EndGlobal
